
Microsoft Visual Studio Solution File, Format Version 12.00
# Visual Studio Version 17
VisualStudioVersion = 17.9.34616.47
MinimumVisualStudioVersion = 10.0.40219.1
Project("{FAE04EC0-301F-11D3-BF4B-00C04F79EFBC}") = "Rocket Launch Game", "Rocket Launch Game\Rocket Launch Game.csproj", "{80A140E9-5523-44A2-B4E5-F59155EE59C0}"
EndProject
Global
	GlobalSection(SolutionConfigurationPlatforms) = preSolution
		Debug|Any CPU = Debug|Any CPU
		Release|Any CPU = Release|Any CPU
	EndGlobalSection
	GlobalSection(ProjectConfigurationPlatforms) = postSolution
		{80A140E9-5523-44A2-B4E5-F59155EE59C0}.Debug|Any CPU.ActiveCfg = Debug|Any CPU
		{80A140E9-5523-44A2-B4E5-F59155EE59C0}.Debug|Any CPU.Build.0 = Debug|Any CPU
		{80A140E9-5523-44A2-B4E5-F59155EE59C0}.Release|Any CPU.ActiveCfg = Release|Any CPU
		{80A140E9-5523-44A2-B4E5-F59155EE59C0}.Release|Any CPU.Build.0 = Release|Any CPU
	EndGlobalSection
	GlobalSection(SolutionProperties) = preSolution
		HideSolutionNode = FALSE
	EndGlobalSection
	GlobalSection(ExtensibilityGlobals) = postSolution
		SolutionGuid = {DDC948E5-5F46-4EB9-A90F-6CC95BF18D74}
	EndGlobalSection
EndGlobal
